// !$*UTF8*$!
{
	archiveVersion = 1;
	classes = {
	};
	objectVersion = 56;
	objects = {

/* Begin PBXBuildFile section */
		3EBFB3412907B79E002CC097 /* AthleteTests.swift in Sources */ = {isa = PBXBuildFile; fileRef = 3EBFB3402907B79E002CC097 /* AthleteTests.swift */; };
		3EBFB3462907C204002CC097 /* DataServiceStore.swift in Sources */ = {isa = PBXBuildFile; fileRef = 3EBFB3452907C204002CC097 /* DataServiceStore.swift */; };
		3EBFB3482907C593002CC097 /* DataService.swift in Sources */ = {isa = PBXBuildFile; fileRef = 3EBFB3472907C593002CC097 /* DataService.swift */; };
		3EBFB34A2907CB8F002CC097 /* DecoderHelpers.swift in Sources */ = {isa = PBXBuildFile; fileRef = 3EBFB3492907CB8F002CC097 /* DecoderHelpers.swift */; };
		3EBFB34C290841FD002CC097 /* StockPriceHistory.swift in Sources */ = {isa = PBXBuildFile; fileRef = 3EBFB34B290841FD002CC097 /* StockPriceHistory.swift */; };
		3EBFB34E2908452D002CC097 /* FlatData.swift in Sources */ = {isa = PBXBuildFile; fileRef = 3EBFB34D2908452D002CC097 /* FlatData.swift */; };
		3EBFB35029085DA7002CC097 /* takehome_mobile_data.json in Resources */ = {isa = PBXBuildFile; fileRef = 3EBFB34F29085DA7002CC097 /* takehome_mobile_data.json */; };
		3EBFB35229086166002CC097 /* FlatDataTests.swift in Sources */ = {isa = PBXBuildFile; fileRef = 3EBFB35129086166002CC097 /* FlatDataTests.swift */; };
		3EC97A1E2907269600E80C8D /* MojoTestApp.swift in Sources */ = {isa = PBXBuildFile; fileRef = 3EC97A1D2907269600E80C8D /* MojoTestApp.swift */; };
		3EC97A202907269600E80C8D /* ContentView.swift in Sources */ = {isa = PBXBuildFile; fileRef = 3EC97A1F2907269600E80C8D /* ContentView.swift */; };
		3EC97A222907269800E80C8D /* Assets.xcassets in Resources */ = {isa = PBXBuildFile; fileRef = 3EC97A212907269800E80C8D /* Assets.xcassets */; };
		3EC97A252907269800E80C8D /* Preview Assets.xcassets in Resources */ = {isa = PBXBuildFile; fileRef = 3EC97A242907269800E80C8D /* Preview Assets.xcassets */; };
		3EC97A2F2907269800E80C8D /* MojoTestTests.swift in Sources */ = {isa = PBXBuildFile; fileRef = 3EC97A2E2907269800E80C8D /* MojoTestTests.swift */; };
		3EC97A392907269800E80C8D /* MojoTestUITests.swift in Sources */ = {isa = PBXBuildFile; fileRef = 3EC97A382907269800E80C8D /* MojoTestUITests.swift */; };
		3EC97A3B2907269800E80C8D /* MojoTestUITestsLaunchTests.swift in Sources */ = {isa = PBXBuildFile; fileRef = 3EC97A3A2907269800E80C8D /* MojoTestUITestsLaunchTests.swift */; };
		3EC97A482907310D00E80C8D /* PortfolioView.swift in Sources */ = {isa = PBXBuildFile; fileRef = 3EC97A472907310D00E80C8D /* PortfolioView.swift */; };
		3EC97A4A2907312C00E80C8D /* SearchView.swift in Sources */ = {isa = PBXBuildFile; fileRef = 3EC97A492907312C00E80C8D /* SearchView.swift */; };
		3EC97A4D29073D5A00E80C8D /* Stock.swift in Sources */ = {isa = PBXBuildFile; fileRef = 3EC97A4C29073D5A00E80C8D /* Stock.swift */; };
		3EC97A4F29073D6800E80C8D /* Athlete.swift in Sources */ = {isa = PBXBuildFile; fileRef = 3EC97A4E29073D6800E80C8D /* Athlete.swift */; };
		3EC97A51290740AF00E80C8D /* Position.swift in Sources */ = {isa = PBXBuildFile; fileRef = 3EC97A50290740AF00E80C8D /* Position.swift */; };
		3EC97A5329074F2100E80C8D /* Team.swift in Sources */ = {isa = PBXBuildFile; fileRef = 3EC97A5229074F2100E80C8D /* Team.swift */; };
		3EC97A5629075E2400E80C8D /* RubikMonoOne-Regular.ttf in Resources */ = {isa = PBXBuildFile; fileRef = 3EC97A5529075E2400E80C8D /* RubikMonoOne-Regular.ttf */; };
		3EC97A5829075E3100E80C8D /* Rubik-VariableFont_wght.ttf in Resources */ = {isa = PBXBuildFile; fileRef = 3EC97A5729075E3100E80C8D /* Rubik-VariableFont_wght.ttf */; };
		3EC97A5A29075E3900E80C8D /* Rubik-Italic-VariableFont_wght.ttf in Resources */ = {isa = PBXBuildFile; fileRef = 3EC97A5929075E3900E80C8D /* Rubik-Italic-VariableFont_wght.ttf */; };
		3ECB6E0029087059004C67AE /* View+Extensions.swift in Sources */ = {isa = PBXBuildFile; fileRef = 3ECB6DFF29087059004C67AE /* View+Extensions.swift */; };
		3ECB6E032908AD0C004C67AE /* StockDetailView.swift in Sources */ = {isa = PBXBuildFile; fileRef = 3ECB6E022908AD0C004C67AE /* StockDetailView.swift */; };
		3ECB6E052908B49F004C67AE /* PortfolioDetailsView.swift in Sources */ = {isa = PBXBuildFile; fileRef = 3ECB6E042908B49F004C67AE /* PortfolioDetailsView.swift */; };
		3ECB6E0729092050004C67AE /* AppStyles.swift in Sources */ = {isa = PBXBuildFile; fileRef = 3ECB6E0629092050004C67AE /* AppStyles.swift */; };
		3ECB6E0D290B517D004C67AE /* SegmentedPicker in Frameworks */ = {isa = PBXBuildFile; productRef = 3ECB6E0C290B517D004C67AE /* SegmentedPicker */; };
		3ECB6E0F290B592F004C67AE /* CustomComponents.swift in Sources */ = {isa = PBXBuildFile; fileRef = 3ECB6E0E290B592F004C67AE /* CustomComponents.swift */; };
/* End PBXBuildFile section */

/* Begin PBXContainerItemProxy section */
		3EC97A2B2907269800E80C8D /* PBXContainerItemProxy */ = {
			isa = PBXContainerItemProxy;
			containerPortal = 3EC97A122907269600E80C8D /* Project object */;
			proxyType = 1;
			remoteGlobalIDString = 3EC97A192907269600E80C8D;
			remoteInfo = MojoTest;
		};
		3EC97A352907269800E80C8D /* PBXContainerItemProxy */ = {
			isa = PBXContainerItemProxy;
			containerPortal = 3EC97A122907269600E80C8D /* Project object */;
			proxyType = 1;
			remoteGlobalIDString = 3EC97A192907269600E80C8D;
			remoteInfo = MojoTest;
		};
/* End PBXContainerItemProxy section */

/* Begin PBXFileReference section */
		3EBFB3402907B79E002CC097 /* AthleteTests.swift */ = {isa = PBXFileReference; lastKnownFileType = sourcecode.swift; path = AthleteTests.swift; sourceTree = "<group>"; };
		3EBFB3452907C204002CC097 /* DataServiceStore.swift */ = {isa = PBXFileReference; lastKnownFileType = sourcecode.swift; path = DataServiceStore.swift; sourceTree = "<group>"; };
		3EBFB3472907C593002CC097 /* DataService.swift */ = {isa = PBXFileReference; lastKnownFileType = sourcecode.swift; path = DataService.swift; sourceTree = "<group>"; };
		3EBFB3492907CB8F002CC097 /* DecoderHelpers.swift */ = {isa = PBXFileReference; lastKnownFileType = sourcecode.swift; path = DecoderHelpers.swift; sourceTree = "<group>"; };
		3EBFB34B290841FD002CC097 /* StockPriceHistory.swift */ = {isa = PBXFileReference; lastKnownFileType = sourcecode.swift; path = StockPriceHistory.swift; sourceTree = "<group>"; };
		3EBFB34D2908452D002CC097 /* FlatData.swift */ = {isa = PBXFileReference; lastKnownFileType = sourcecode.swift; path = FlatData.swift; sourceTree = "<group>"; };
		3EBFB34F29085DA7002CC097 /* takehome_mobile_data.json */ = {isa = PBXFileReference; fileEncoding = 4; lastKnownFileType = text.json; path = takehome_mobile_data.json; sourceTree = "<group>"; };
		3EBFB35129086166002CC097 /* FlatDataTests.swift */ = {isa = PBXFileReference; lastKnownFileType = sourcecode.swift; path = FlatDataTests.swift; sourceTree = "<group>"; };
		3EC97A1A2907269600E80C8D /* MojoTest.app */ = {isa = PBXFileReference; explicitFileType = wrapper.application; includeInIndex = 0; path = MojoTest.app; sourceTree = BUILT_PRODUCTS_DIR; };
		3EC97A1D2907269600E80C8D /* MojoTestApp.swift */ = {isa = PBXFileReference; lastKnownFileType = sourcecode.swift; path = MojoTestApp.swift; sourceTree = "<group>"; };
		3EC97A1F2907269600E80C8D /* ContentView.swift */ = {isa = PBXFileReference; lastKnownFileType = sourcecode.swift; path = ContentView.swift; sourceTree = "<group>"; };
		3EC97A212907269800E80C8D /* Assets.xcassets */ = {isa = PBXFileReference; lastKnownFileType = folder.assetcatalog; path = Assets.xcassets; sourceTree = "<group>"; };
		3EC97A242907269800E80C8D /* Preview Assets.xcassets */ = {isa = PBXFileReference; lastKnownFileType = folder.assetcatalog; path = "Preview Assets.xcassets"; sourceTree = "<group>"; };
		3EC97A2A2907269800E80C8D /* MojoTestTests.xctest */ = {isa = PBXFileReference; explicitFileType = wrapper.cfbundle; includeInIndex = 0; path = MojoTestTests.xctest; sourceTree = BUILT_PRODUCTS_DIR; };
		3EC97A2E2907269800E80C8D /* MojoTestTests.swift */ = {isa = PBXFileReference; lastKnownFileType = sourcecode.swift; path = MojoTestTests.swift; sourceTree = "<group>"; };
		3EC97A342907269800E80C8D /* MojoTestUITests.xctest */ = {isa = PBXFileReference; explicitFileType = wrapper.cfbundle; includeInIndex = 0; path = MojoTestUITests.xctest; sourceTree = BUILT_PRODUCTS_DIR; };
		3EC97A382907269800E80C8D /* MojoTestUITests.swift */ = {isa = PBXFileReference; lastKnownFileType = sourcecode.swift; path = MojoTestUITests.swift; sourceTree = "<group>"; };
		3EC97A3A2907269800E80C8D /* MojoTestUITestsLaunchTests.swift */ = {isa = PBXFileReference; lastKnownFileType = sourcecode.swift; path = MojoTestUITestsLaunchTests.swift; sourceTree = "<group>"; };
		3EC97A472907310D00E80C8D /* PortfolioView.swift */ = {isa = PBXFileReference; lastKnownFileType = sourcecode.swift; path = PortfolioView.swift; sourceTree = "<group>"; };
		3EC97A492907312C00E80C8D /* SearchView.swift */ = {isa = PBXFileReference; lastKnownFileType = sourcecode.swift; path = SearchView.swift; sourceTree = "<group>"; };
		3EC97A4C29073D5A00E80C8D /* Stock.swift */ = {isa = PBXFileReference; lastKnownFileType = sourcecode.swift; path = Stock.swift; sourceTree = "<group>"; };
		3EC97A4E29073D6800E80C8D /* Athlete.swift */ = {isa = PBXFileReference; lastKnownFileType = sourcecode.swift; path = Athlete.swift; sourceTree = "<group>"; };
		3EC97A50290740AF00E80C8D /* Position.swift */ = {isa = PBXFileReference; lastKnownFileType = sourcecode.swift; path = Position.swift; sourceTree = "<group>"; };
		3EC97A5229074F2100E80C8D /* Team.swift */ = {isa = PBXFileReference; lastKnownFileType = sourcecode.swift; path = Team.swift; sourceTree = "<group>"; };
		3EC97A5529075E2400E80C8D /* RubikMonoOne-Regular.ttf */ = {isa = PBXFileReference; lastKnownFileType = file; path = "RubikMonoOne-Regular.ttf"; sourceTree = "<group>"; };
		3EC97A5729075E3100E80C8D /* Rubik-VariableFont_wght.ttf */ = {isa = PBXFileReference; lastKnownFileType = file; path = "Rubik-VariableFont_wght.ttf"; sourceTree = "<group>"; };
		3EC97A5929075E3900E80C8D /* Rubik-Italic-VariableFont_wght.ttf */ = {isa = PBXFileReference; lastKnownFileType = file; path = "Rubik-Italic-VariableFont_wght.ttf"; sourceTree = "<group>"; };
		3EC97A5B29075E5700E80C8D /* Info.plist */ = {isa = PBXFileReference; lastKnownFileType = text.plist; path = Info.plist; sourceTree = "<group>"; };
		3ECB6DFF29087059004C67AE /* View+Extensions.swift */ = {isa = PBXFileReference; lastKnownFileType = sourcecode.swift; path = "View+Extensions.swift"; sourceTree = "<group>"; };
		3ECB6E022908AD0C004C67AE /* StockDetailView.swift */ = {isa = PBXFileReference; lastKnownFileType = sourcecode.swift; path = StockDetailView.swift; sourceTree = "<group>"; };
		3ECB6E042908B49F004C67AE /* PortfolioDetailsView.swift */ = {isa = PBXFileReference; lastKnownFileType = sourcecode.swift; path = PortfolioDetailsView.swift; sourceTree = "<group>"; };
		3ECB6E0629092050004C67AE /* AppStyles.swift */ = {isa = PBXFileReference; lastKnownFileType = sourcecode.swift; path = AppStyles.swift; sourceTree = "<group>"; };
		3ECB6E0E290B592F004C67AE /* CustomComponents.swift */ = {isa = PBXFileReference; lastKnownFileType = sourcecode.swift; path = CustomComponents.swift; sourceTree = "<group>"; };
		3ECB6E10290B5A8F004C67AE /* README.md */ = {isa = PBXFileReference; lastKnownFileType = net.daringfireball.markdown; path = README.md; sourceTree = "<group>"; };
/* End PBXFileReference section */

/* Begin PBXFrameworksBuildPhase section */
		3EC97A172907269600E80C8D /* Frameworks */ = {
			isa = PBXFrameworksBuildPhase;
			buildActionMask = 2147483647;
			files = (
				3ECB6E0D290B517D004C67AE /* SegmentedPicker in Frameworks */,
			);
			runOnlyForDeploymentPostprocessing = 0;
		};
		3EC97A272907269800E80C8D /* Frameworks */ = {
			isa = PBXFrameworksBuildPhase;
			buildActionMask = 2147483647;
			files = (
			);
			runOnlyForDeploymentPostprocessing = 0;
		};
		3EC97A312907269800E80C8D /* Frameworks */ = {
			isa = PBXFrameworksBuildPhase;
			buildActionMask = 2147483647;
			files = (
			);
			runOnlyForDeploymentPostprocessing = 0;
		};
/* End PBXFrameworksBuildPhase section */

/* Begin PBXGroup section */
		3EBFB3422907BBE7002CC097 /* Networking */ = {
			isa = PBXGroup;
			children = (
				3EBFB3452907C204002CC097 /* DataServiceStore.swift */,
				3EBFB3472907C593002CC097 /* DataService.swift */,
			);
			path = Networking;
			sourceTree = "<group>";
		};
		3EC97A112907269600E80C8D = {
			isa = PBXGroup;
			children = (
				3ECB6E10290B5A8F004C67AE /* README.md */,
				3EC97A1C2907269600E80C8D /* MojoTest */,
				3EC97A2D2907269800E80C8D /* MojoTestTests */,
				3EC97A372907269800E80C8D /* MojoTestUITests */,
				3EC97A1B2907269600E80C8D /* Products */,
			);
			sourceTree = "<group>";
		};
		3EC97A1B2907269600E80C8D /* Products */ = {
			isa = PBXGroup;
			children = (
				3EC97A1A2907269600E80C8D /* MojoTest.app */,
				3EC97A2A2907269800E80C8D /* MojoTestTests.xctest */,
				3EC97A342907269800E80C8D /* MojoTestUITests.xctest */,
			);
			name = Products;
			sourceTree = "<group>";
		};
		3EC97A1C2907269600E80C8D /* MojoTest */ = {
			isa = PBXGroup;
			children = (
				3EC97A1D2907269600E80C8D /* MojoTestApp.swift */,
				3EC97A5B29075E5700E80C8D /* Info.plist */,
				3EBFB3422907BBE7002CC097 /* Networking */,
				3EC97A4B29073B0700E80C8D /* Data */,
				3ECB6E012908ACE8004C67AE /* UI */,
				3ECB6DFE2908703E004C67AE /* Utilities */,
				3EC97A212907269800E80C8D /* Assets.xcassets */,
				3EC97A232907269800E80C8D /* Preview Content */,
				3EC97A5429075E0E00E80C8D /* Resources */,
			);
			path = MojoTest;
			sourceTree = "<group>";
		};
		3EC97A232907269800E80C8D /* Preview Content */ = {
			isa = PBXGroup;
			children = (
				3EC97A242907269800E80C8D /* Preview Assets.xcassets */,
			);
			path = "Preview Content";
			sourceTree = "<group>";
		};
		3EC97A2D2907269800E80C8D /* MojoTestTests */ = {
			isa = PBXGroup;
			children = (
				3EBFB34F29085DA7002CC097 /* takehome_mobile_data.json */,
				3EC97A2E2907269800E80C8D /* MojoTestTests.swift */,
				3EBFB3402907B79E002CC097 /* AthleteTests.swift */,
				3EBFB35129086166002CC097 /* FlatDataTests.swift */,
			);
			path = MojoTestTests;
			sourceTree = "<group>";
		};
		3EC97A372907269800E80C8D /* MojoTestUITests */ = {
			isa = PBXGroup;
			children = (
				3EC97A382907269800E80C8D /* MojoTestUITests.swift */,
				3EC97A3A2907269800E80C8D /* MojoTestUITestsLaunchTests.swift */,
			);
			path = MojoTestUITests;
			sourceTree = "<group>";
		};
		3EC97A4B29073B0700E80C8D /* Data */ = {
			isa = PBXGroup;
			children = (
				3EC97A4C29073D5A00E80C8D /* Stock.swift */,
				3EC97A4E29073D6800E80C8D /* Athlete.swift */,
				3EC97A50290740AF00E80C8D /* Position.swift */,
				3EC97A5229074F2100E80C8D /* Team.swift */,
				3EBFB3492907CB8F002CC097 /* DecoderHelpers.swift */,
				3EBFB34B290841FD002CC097 /* StockPriceHistory.swift */,
				3EBFB34D2908452D002CC097 /* FlatData.swift */,
			);
			path = Data;
			sourceTree = "<group>";
		};
		3EC97A5429075E0E00E80C8D /* Resources */ = {
			isa = PBXGroup;
			children = (
				3EC97A5529075E2400E80C8D /* RubikMonoOne-Regular.ttf */,
				3EC97A5729075E3100E80C8D /* Rubik-VariableFont_wght.ttf */,
				3EC97A5929075E3900E80C8D /* Rubik-Italic-VariableFont_wght.ttf */,
			);
			path = Resources;
			sourceTree = "<group>";
		};
		3ECB6DFE2908703E004C67AE /* Utilities */ = {
			isa = PBXGroup;
			children = (
				3ECB6DFF29087059004C67AE /* View+Extensions.swift */,
			);
			path = Utilities;
			sourceTree = "<group>";
		};
		3ECB6E012908ACE8004C67AE /* UI */ = {
			isa = PBXGroup;
			children = (
				3EC97A1F2907269600E80C8D /* ContentView.swift */,
				3EC97A472907310D00E80C8D /* PortfolioView.swift */,
				3EC97A492907312C00E80C8D /* SearchView.swift */,
				3ECB6E022908AD0C004C67AE /* StockDetailView.swift */,
				3ECB6E042908B49F004C67AE /* PortfolioDetailsView.swift */,
				3ECB6E0629092050004C67AE /* AppStyles.swift */,
				3ECB6E0E290B592F004C67AE /* CustomComponents.swift */,
			);
			path = UI;
			sourceTree = "<group>";
		};
/* End PBXGroup section */

/* Begin PBXNativeTarget section */
		3EC97A192907269600E80C8D /* MojoTest */ = {
			isa = PBXNativeTarget;
			buildConfigurationList = 3EC97A3E2907269800E80C8D /* Build configuration list for PBXNativeTarget "MojoTest" */;
			buildPhases = (
				3EC97A162907269600E80C8D /* Sources */,
				3EC97A172907269600E80C8D /* Frameworks */,
				3EC97A182907269600E80C8D /* Resources */,
			);
			buildRules = (
			);
			dependencies = (
			);
			name = MojoTest;
			packageProductDependencies = (
				3ECB6E0C290B517D004C67AE /* SegmentedPicker */,
			);
			productName = MojoTest;
			productReference = 3EC97A1A2907269600E80C8D /* MojoTest.app */;
			productType = "com.apple.product-type.application";
		};
		3EC97A292907269800E80C8D /* MojoTestTests */ = {
			isa = PBXNativeTarget;
			buildConfigurationList = 3EC97A412907269800E80C8D /* Build configuration list for PBXNativeTarget "MojoTestTests" */;
			buildPhases = (
				3EC97A262907269800E80C8D /* Sources */,
				3EC97A272907269800E80C8D /* Frameworks */,
				3EC97A282907269800E80C8D /* Resources */,
			);
			buildRules = (
			);
			dependencies = (
				3EC97A2C2907269800E80C8D /* PBXTargetDependency */,
			);
			name = MojoTestTests;
			productName = MojoTestTests;
			productReference = 3EC97A2A2907269800E80C8D /* MojoTestTests.xctest */;
			productType = "com.apple.product-type.bundle.unit-test";
		};
		3EC97A332907269800E80C8D /* MojoTestUITests */ = {
			isa = PBXNativeTarget;
			buildConfigurationList = 3EC97A442907269800E80C8D /* Build configuration list for PBXNativeTarget "MojoTestUITests" */;
			buildPhases = (
				3EC97A302907269800E80C8D /* Sources */,
				3EC97A312907269800E80C8D /* Frameworks */,
				3EC97A322907269800E80C8D /* Resources */,
			);
			buildRules = (
			);
			dependencies = (
				3EC97A362907269800E80C8D /* PBXTargetDependency */,
			);
			name = MojoTestUITests;
			productName = MojoTestUITests;
			productReference = 3EC97A342907269800E80C8D /* MojoTestUITests.xctest */;
			productType = "com.apple.product-type.bundle.ui-testing";
		};
/* End PBXNativeTarget section */

/* Begin PBXProject section */
		3EC97A122907269600E80C8D /* Project object */ = {
			isa = PBXProject;
			attributes = {
				BuildIndependentTargetsInParallel = 1;
				LastSwiftUpdateCheck = 1400;
				LastUpgradeCheck = 1400;
				TargetAttributes = {
					3EC97A192907269600E80C8D = {
						CreatedOnToolsVersion = 14.0;
					};
					3EC97A292907269800E80C8D = {
						CreatedOnToolsVersion = 14.0;
						TestTargetID = 3EC97A192907269600E80C8D;
					};
					3EC97A332907269800E80C8D = {
						CreatedOnToolsVersion = 14.0;
						TestTargetID = 3EC97A192907269600E80C8D;
					};
				};
			};
			buildConfigurationList = 3EC97A152907269600E80C8D /* Build configuration list for PBXProject "MojoTest" */;
			compatibilityVersion = "Xcode 14.0";
			developmentRegion = en;
			hasScannedForEncodings = 0;
			knownRegions = (
				en,
				Base,
			);
			mainGroup = 3EC97A112907269600E80C8D;
			packageReferences = (
				3ECB6E0B290B517D004C67AE /* XCRemoteSwiftPackageReference "SwiftySegmentedPicker" */,
			);
			productRefGroup = 3EC97A1B2907269600E80C8D /* Products */;
			projectDirPath = "";
			projectRoot = "";
			targets = (
				3EC97A192907269600E80C8D /* MojoTest */,
				3EC97A292907269800E80C8D /* MojoTestTests */,
				3EC97A332907269800E80C8D /* MojoTestUITests */,
			);
		};
/* End PBXProject section */

/* Begin PBXResourcesBuildPhase section */
		3EC97A182907269600E80C8D /* Resources */ = {
			isa = PBXResourcesBuildPhase;
			buildActionMask = 2147483647;
			files = (
				3EC97A5A29075E3900E80C8D /* Rubik-Italic-VariableFont_wght.ttf in Resources */,
				3EC97A252907269800E80C8D /* Preview Assets.xcassets in Resources */,
				3EC97A222907269800E80C8D /* Assets.xcassets in Resources */,
				3EC97A5629075E2400E80C8D /* RubikMonoOne-Regular.ttf in Resources */,
				3EC97A5829075E3100E80C8D /* Rubik-VariableFont_wght.ttf in Resources */,
			);
			runOnlyForDeploymentPostprocessing = 0;
		};
		3EC97A282907269800E80C8D /* Resources */ = {
			isa = PBXResourcesBuildPhase;
			buildActionMask = 2147483647;
			files = (
				3EBFB35029085DA7002CC097 /* takehome_mobile_data.json in Resources */,
			);
			runOnlyForDeploymentPostprocessing = 0;
		};
		3EC97A322907269800E80C8D /* Resources */ = {
			isa = PBXResourcesBuildPhase;
			buildActionMask = 2147483647;
			files = (
			);
			runOnlyForDeploymentPostprocessing = 0;
		};
/* End PBXResourcesBuildPhase section */

/* Begin PBXSourcesBuildPhase section */
		3EC97A162907269600E80C8D /* Sources */ = {
			isa = PBXSourcesBuildPhase;
			buildActionMask = 2147483647;
			files = (
				3EC97A51290740AF00E80C8D /* Position.swift in Sources */,
				3ECB6E032908AD0C004C67AE /* StockDetailView.swift in Sources */,
				3ECB6E0729092050004C67AE /* AppStyles.swift in Sources */,
				3EC97A4A2907312C00E80C8D /* SearchView.swift in Sources */,
				3EC97A4F29073D6800E80C8D /* Athlete.swift in Sources */,
				3ECB6E052908B49F004C67AE /* PortfolioDetailsView.swift in Sources */,
				3EBFB34C290841FD002CC097 /* StockPriceHistory.swift in Sources */,
				3EC97A202907269600E80C8D /* ContentView.swift in Sources */,
				3EBFB34A2907CB8F002CC097 /* DecoderHelpers.swift in Sources */,
				3EC97A5329074F2100E80C8D /* Team.swift in Sources */,
				3ECB6E0F290B592F004C67AE /* CustomComponents.swift in Sources */,
				3EBFB34E2908452D002CC097 /* FlatData.swift in Sources */,
				3EC97A482907310D00E80C8D /* PortfolioView.swift in Sources */,
				3EC97A4D29073D5A00E80C8D /* Stock.swift in Sources */,
				3ECB6E0029087059004C67AE /* View+Extensions.swift in Sources */,
				3EC97A1E2907269600E80C8D /* MojoTestApp.swift in Sources */,
				3EBFB3462907C204002CC097 /* DataServiceStore.swift in Sources */,
				3EBFB3482907C593002CC097 /* DataService.swift in Sources */,
			);
			runOnlyForDeploymentPostprocessing = 0;
		};
		3EC97A262907269800E80C8D /* Sources */ = {
			isa = PBXSourcesBuildPhase;
			buildActionMask = 2147483647;
			files = (
				3EBFB35229086166002CC097 /* FlatDataTests.swift in Sources */,
				3EC97A2F2907269800E80C8D /* MojoTestTests.swift in Sources */,
				3EBFB3412907B79E002CC097 /* AthleteTests.swift in Sources */,
			);
			runOnlyForDeploymentPostprocessing = 0;
		};
		3EC97A302907269800E80C8D /* Sources */ = {
			isa = PBXSourcesBuildPhase;
			buildActionMask = 2147483647;
			files = (
				3EC97A3B2907269800E80C8D /* MojoTestUITestsLaunchTests.swift in Sources */,
				3EC97A392907269800E80C8D /* MojoTestUITests.swift in Sources */,
			);
			runOnlyForDeploymentPostprocessing = 0;
		};
/* End PBXSourcesBuildPhase section */

/* Begin PBXTargetDependency section */
		3EC97A2C2907269800E80C8D /* PBXTargetDependency */ = {
			isa = PBXTargetDependency;
			target = 3EC97A192907269600E80C8D /* MojoTest */;
			targetProxy = 3EC97A2B2907269800E80C8D /* PBXContainerItemProxy */;
		};
		3EC97A362907269800E80C8D /* PBXTargetDependency */ = {
			isa = PBXTargetDependency;
			target = 3EC97A192907269600E80C8D /* MojoTest */;
			targetProxy = 3EC97A352907269800E80C8D /* PBXContainerItemProxy */;
		};
/* End PBXTargetDependency section */

/* Begin XCBuildConfiguration section */
		3EC97A3C2907269800E80C8D /* Debug */ = {
			isa = XCBuildConfiguration;
			buildSettings = {
				ALWAYS_SEARCH_USER_PATHS = NO;
				CLANG_ANALYZER_NONNULL = YES;
				CLANG_ANALYZER_NUMBER_OBJECT_CONVERSION = YES_AGGRESSIVE;
				CLANG_CXX_LANGUAGE_STANDARD = "gnu++20";
				CLANG_ENABLE_MODULES = YES;
				CLANG_ENABLE_OBJC_ARC = YES;
				CLANG_ENABLE_OBJC_WEAK = YES;
				CLANG_WARN_BLOCK_CAPTURE_AUTORELEASING = YES;
				CLANG_WARN_BOOL_CONVERSION = YES;
				CLANG_WARN_COMMA = YES;
				CLANG_WARN_CONSTANT_CONVERSION = YES;
				CLANG_WARN_DEPRECATED_OBJC_IMPLEMENTATIONS = YES;
				CLANG_WARN_DIRECT_OBJC_ISA_USAGE = YES_ERROR;
				CLANG_WARN_DOCUMENTATION_COMMENTS = YES;
				CLANG_WARN_EMPTY_BODY = YES;
				CLANG_WARN_ENUM_CONVERSION = YES;
				CLANG_WARN_INFINITE_RECURSION = YES;
				CLANG_WARN_INT_CONVERSION = YES;
				CLANG_WARN_NON_LITERAL_NULL_CONVERSION = YES;
				CLANG_WARN_OBJC_IMPLICIT_RETAIN_SELF = YES;
				CLANG_WARN_OBJC_LITERAL_CONVERSION = YES;
				CLANG_WARN_OBJC_ROOT_CLASS = YES_ERROR;
				CLANG_WARN_QUOTED_INCLUDE_IN_FRAMEWORK_HEADER = YES;
				CLANG_WARN_RANGE_LOOP_ANALYSIS = YES;
				CLANG_WARN_STRICT_PROTOTYPES = YES;
				CLANG_WARN_SUSPICIOUS_MOVE = YES;
				CLANG_WARN_UNGUARDED_AVAILABILITY = YES_AGGRESSIVE;
				CLANG_WARN_UNREACHABLE_CODE = YES;
				CLANG_WARN__DUPLICATE_METHOD_MATCH = YES;
				COPY_PHASE_STRIP = NO;
				DEBUG_INFORMATION_FORMAT = dwarf;
				ENABLE_STRICT_OBJC_MSGSEND = YES;
				ENABLE_TESTABILITY = YES;
				GCC_C_LANGUAGE_STANDARD = gnu11;
				GCC_DYNAMIC_NO_PIC = NO;
				GCC_NO_COMMON_BLOCKS = YES;
				GCC_OPTIMIZATION_LEVEL = 0;
				GCC_PREPROCESSOR_DEFINITIONS = (
					"DEBUG=1",
					"$(inherited)",
				);
				GCC_WARN_64_TO_32_BIT_CONVERSION = YES;
				GCC_WARN_ABOUT_RETURN_TYPE = YES_ERROR;
				GCC_WARN_UNDECLARED_SELECTOR = YES;
				GCC_WARN_UNINITIALIZED_AUTOS = YES_AGGRESSIVE;
				GCC_WARN_UNUSED_FUNCTION = YES;
				GCC_WARN_UNUSED_VARIABLE = YES;
				IPHONEOS_DEPLOYMENT_TARGET = 16.0;
				MTL_ENABLE_DEBUG_INFO = INCLUDE_SOURCE;
				MTL_FAST_MATH = YES;
				ONLY_ACTIVE_ARCH = YES;
				SDKROOT = iphoneos;
				SWIFT_ACTIVE_COMPILATION_CONDITIONS = DEBUG;
				SWIFT_OPTIMIZATION_LEVEL = "-Onone";
			};
			name = Debug;
		};
		3EC97A3D2907269800E80C8D /* Release */ = {
			isa = XCBuildConfiguration;
			buildSettings = {
				ALWAYS_SEARCH_USER_PATHS = NO;
				CLANG_ANALYZER_NONNULL = YES;
				CLANG_ANALYZER_NUMBER_OBJECT_CONVERSION = YES_AGGRESSIVE;
				CLANG_CXX_LANGUAGE_STANDARD = "gnu++20";
				CLANG_ENABLE_MODULES = YES;
				CLANG_ENABLE_OBJC_ARC = YES;
				CLANG_ENABLE_OBJC_WEAK = YES;
				CLANG_WARN_BLOCK_CAPTURE_AUTORELEASING = YES;
				CLANG_WARN_BOOL_CONVERSION = YES;
				CLANG_WARN_COMMA = YES;
				CLANG_WARN_CONSTANT_CONVERSION = YES;
				CLANG_WARN_DEPRECATED_OBJC_IMPLEMENTATIONS = YES;
				CLANG_WARN_DIRECT_OBJC_ISA_USAGE = YES_ERROR;
				CLANG_WARN_DOCUMENTATION_COMMENTS = YES;
				CLANG_WARN_EMPTY_BODY = YES;
				CLANG_WARN_ENUM_CONVERSION = YES;
				CLANG_WARN_INFINITE_RECURSION = YES;
				CLANG_WARN_INT_CONVERSION = YES;
				CLANG_WARN_NON_LITERAL_NULL_CONVERSION = YES;
				CLANG_WARN_OBJC_IMPLICIT_RETAIN_SELF = YES;
				CLANG_WARN_OBJC_LITERAL_CONVERSION = YES;
				CLANG_WARN_OBJC_ROOT_CLASS = YES_ERROR;
				CLANG_WARN_QUOTED_INCLUDE_IN_FRAMEWORK_HEADER = YES;
				CLANG_WARN_RANGE_LOOP_ANALYSIS = YES;
				CLANG_WARN_STRICT_PROTOTYPES = YES;
				CLANG_WARN_SUSPICIOUS_MOVE = YES;
				CLANG_WARN_UNGUARDED_AVAILABILITY = YES_AGGRESSIVE;
				CLANG_WARN_UNREACHABLE_CODE = YES;
				CLANG_WARN__DUPLICATE_METHOD_MATCH = YES;
				COPY_PHASE_STRIP = NO;
				DEBUG_INFORMATION_FORMAT = "dwarf-with-dsym";
				ENABLE_NS_ASSERTIONS = NO;
				ENABLE_STRICT_OBJC_MSGSEND = YES;
				GCC_C_LANGUAGE_STANDARD = gnu11;
				GCC_NO_COMMON_BLOCKS = YES;
				GCC_WARN_64_TO_32_BIT_CONVERSION = YES;
				GCC_WARN_ABOUT_RETURN_TYPE = YES_ERROR;
				GCC_WARN_UNDECLARED_SELECTOR = YES;
				GCC_WARN_UNINITIALIZED_AUTOS = YES_AGGRESSIVE;
				GCC_WARN_UNUSED_FUNCTION = YES;
				GCC_WARN_UNUSED_VARIABLE = YES;
				IPHONEOS_DEPLOYMENT_TARGET = 16.0;
				MTL_ENABLE_DEBUG_INFO = NO;
				MTL_FAST_MATH = YES;
				SDKROOT = iphoneos;
				SWIFT_COMPILATION_MODE = wholemodule;
				SWIFT_OPTIMIZATION_LEVEL = "-O";
				VALIDATE_PRODUCT = YES;
			};
			name = Release;
		};
		3EC97A3F2907269800E80C8D /* Debug */ = {
			isa = XCBuildConfiguration;
			buildSettings = {
				ASSETCATALOG_COMPILER_APPICON_NAME = AppIcon;
				ASSETCATALOG_COMPILER_GLOBAL_ACCENT_COLOR_NAME = AccentColor;
				CODE_SIGN_STYLE = Automatic;
				CURRENT_PROJECT_VERSION = 1;
				DEVELOPMENT_ASSET_PATHS = "\"MojoTest/Preview Content\"";
				DEVELOPMENT_TEAM = RZ75PMAV34;
				ENABLE_PREVIEWS = YES;
				GENERATE_INFOPLIST_FILE = YES;
				INFOPLIST_FILE = MojoTest/Info.plist;
				INFOPLIST_KEY_UIApplicationSceneManifest_Generation = YES;
				INFOPLIST_KEY_UIApplicationSupportsIndirectInputEvents = YES;
				INFOPLIST_KEY_UILaunchScreen_Generation = YES;
				INFOPLIST_KEY_UISupportedInterfaceOrientations_iPad = "UIInterfaceOrientationPortrait UIInterfaceOrientationPortraitUpsideDown UIInterfaceOrientationLandscapeLeft UIInterfaceOrientationLandscapeRight";
				INFOPLIST_KEY_UISupportedInterfaceOrientations_iPhone = "UIInterfaceOrientationPortrait UIInterfaceOrientationLandscapeLeft UIInterfaceOrientationLandscapeRight";
				LD_RUNPATH_SEARCH_PATHS = (
					"$(inherited)",
					"@executable_path/Frameworks",
				);
				MARKETING_VERSION = 1.0;
				PRODUCT_BUNDLE_IDENTIFIER = "com.multi-touchy-feely.MojoTest";
				PRODUCT_NAME = "$(TARGET_NAME)";
				SWIFT_EMIT_LOC_STRINGS = YES;
				SWIFT_VERSION = 5.0;
				TARGETED_DEVICE_FAMILY = "1,2";
			};
			name = Debug;
		};
		3EC97A402907269800E80C8D /* Release */ = {
			isa = XCBuildConfiguration;
			buildSettings = {
				ASSETCATALOG_COMPILER_APPICON_NAME = AppIcon;
				ASSETCATALOG_COMPILER_GLOBAL_ACCENT_COLOR_NAME = AccentColor;
				CODE_SIGN_STYLE = Automatic;
				CURRENT_PROJECT_VERSION = 1;
				DEVELOPMENT_ASSET_PATHS = "\"MojoTest/Preview Content\"";
				DEVELOPMENT_TEAM = RZ75PMAV34;
				ENABLE_PREVIEWS = YES;
				GENERATE_INFOPLIST_FILE = YES;
				INFOPLIST_FILE = MojoTest/Info.plist;
				INFOPLIST_KEY_UIApplicationSceneManifest_Generation = YES;
				INFOPLIST_KEY_UIApplicationSupportsIndirectInputEvents = YES;
				INFOPLIST_KEY_UILaunchScreen_Generation = YES;
				INFOPLIST_KEY_UISupportedInterfaceOrientations_iPad = "UIInterfaceOrientationPortrait UIInterfaceOrientationPortraitUpsideDown UIInterfaceOrientationLandscapeLeft UIInterfaceOrientationLandscapeRight";
				INFOPLIST_KEY_UISupportedInterfaceOrientations_iPhone = "UIInterfaceOrientationPortrait UIInterfaceOrientationLandscapeLeft UIInterfaceOrientationLandscapeRight";
				LD_RUNPATH_SEARCH_PATHS = (
					"$(inherited)",
					"@executable_path/Frameworks",
				);
				MARKETING_VERSION = 1.0;
				PRODUCT_BUNDLE_IDENTIFIER = "com.multi-touchy-feely.MojoTest";
				PRODUCT_NAME = "$(TARGET_NAME)";
				SWIFT_EMIT_LOC_STRINGS = YES;
				SWIFT_VERSION = 5.0;
				TARGETED_DEVICE_FAMILY = "1,2";
			};
			name = Release;
		};
		3EC97A422907269800E80C8D /* Debug */ = {
			isa = XCBuildConfiguration;
			buildSettings = {
				ALWAYS_EMBED_SWIFT_STANDARD_LIBRARIES = YES;
				BUNDLE_LOADER = "$(TEST_HOST)";
				CODE_SIGN_STYLE = Automatic;
				CURRENT_PROJECT_VERSION = 1;
				DEVELOPMENT_TEAM = RZ75PMAV34;
				GENERATE_INFOPLIST_FILE = YES;
				IPHONEOS_DEPLOYMENT_TARGET = 16.0;
				MARKETING_VERSION = 1.0;
				PRODUCT_BUNDLE_IDENTIFIER = "com.multi-touchy-feely.MojoTestTests";
				PRODUCT_NAME = "$(TARGET_NAME)";
				SWIFT_EMIT_LOC_STRINGS = NO;
				SWIFT_VERSION = 5.0;
				TARGETED_DEVICE_FAMILY = "1,2";
				TEST_HOST = "$(BUILT_PRODUCTS_DIR)/MojoTest.app/$(BUNDLE_EXECUTABLE_FOLDER_PATH)/MojoTest";
			};
			name = Debug;
		};
		3EC97A432907269800E80C8D /* Release */ = {
			isa = XCBuildConfiguration;
			buildSettings = {
				ALWAYS_EMBED_SWIFT_STANDARD_LIBRARIES = YES;
				BUNDLE_LOADER = "$(TEST_HOST)";
				CODE_SIGN_STYLE = Automatic;
				CURRENT_PROJECT_VERSION = 1;
				DEVELOPMENT_TEAM = RZ75PMAV34;
				GENERATE_INFOPLIST_FILE = YES;
				IPHONEOS_DEPLOYMENT_TARGET = 16.0;
				MARKETING_VERSION = 1.0;
				PRODUCT_BUNDLE_IDENTIFIER = "com.multi-touchy-feely.MojoTestTests";
				PRODUCT_NAME = "$(TARGET_NAME)";
				SWIFT_EMIT_LOC_STRINGS = NO;
				SWIFT_VERSION = 5.0;
				TARGETED_DEVICE_FAMILY = "1,2";
				TEST_HOST = "$(BUILT_PRODUCTS_DIR)/MojoTest.app/$(BUNDLE_EXECUTABLE_FOLDER_PATH)/MojoTest";
			};
			name = Release;
		};
		3EC97A452907269800E80C8D /* Debug */ = {
			isa = XCBuildConfiguration;
			buildSettings = {
				ALWAYS_EMBED_SWIFT_STANDARD_LIBRARIES = YES;
				CODE_SIGN_STYLE = Automatic;
				CURRENT_PROJECT_VERSION = 1;
				DEVELOPMENT_TEAM = RZ75PMAV34;
				GENERATE_INFOPLIST_FILE = YES;
				MARKETING_VERSION = 1.0;
				PRODUCT_BUNDLE_IDENTIFIER = "com.multi-touchy-feely.MojoTestUITests";
				PRODUCT_NAME = "$(TARGET_NAME)";
				SWIFT_EMIT_LOC_STRINGS = NO;
				SWIFT_VERSION = 5.0;
				TARGETED_DEVICE_FAMILY = "1,2";
				TEST_TARGET_NAME = MojoTest;
			};
			name = Debug;
		};
		3EC97A462907269800E80C8D /* Release */ = {
			isa = XCBuildConfiguration;
			buildSettings = {
				ALWAYS_EMBED_SWIFT_STANDARD_LIBRARIES = YES;
				CODE_SIGN_STYLE = Automatic;
				CURRENT_PROJECT_VERSION = 1;
				DEVELOPMENT_TEAM = RZ75PMAV34;
				GENERATE_INFOPLIST_FILE = YES;
				MARKETING_VERSION = 1.0;
				PRODUCT_BUNDLE_IDENTIFIER = "com.multi-touchy-feely.MojoTestUITests";
				PRODUCT_NAME = "$(TARGET_NAME)";
				SWIFT_EMIT_LOC_STRINGS = NO;
				SWIFT_VERSION = 5.0;
				TARGETED_DEVICE_FAMILY = "1,2";
				TEST_TARGET_NAME = MojoTest;
			};
			name = Release;
		};
/* End XCBuildConfiguration section */

/* Begin XCConfigurationList section */
		3EC97A152907269600E80C8D /* Build configuration list for PBXProject "MojoTest" */ = {
			isa = XCConfigurationList;
			buildConfigurations = (
				3EC97A3C2907269800E80C8D /* Debug */,
				3EC97A3D2907269800E80C8D /* Release */,
			);
			defaultConfigurationIsVisible = 0;
			defaultConfigurationName = Release;
		};
		3EC97A3E2907269800E80C8D /* Build configuration list for PBXNativeTarget "MojoTest" */ = {
			isa = XCConfigurationList;
			buildConfigurations = (
				3EC97A3F2907269800E80C8D /* Debug */,
				3EC97A402907269800E80C8D /* Release */,
			);
			defaultConfigurationIsVisible = 0;
			defaultConfigurationName = Release;
		};
		3EC97A412907269800E80C8D /* Build configuration list for PBXNativeTarget "MojoTestTests" */ = {
			isa = XCConfigurationList;
			buildConfigurations = (
				3EC97A422907269800E80C8D /* Debug */,
				3EC97A432907269800E80C8D /* Release */,
			);
			defaultConfigurationIsVisible = 0;
			defaultConfigurationName = Release;
		};
		3EC97A442907269800E80C8D /* Build configuration list for PBXNativeTarget "MojoTestUITests" */ = {
			isa = XCConfigurationList;
			buildConfigurations = (
				3EC97A452907269800E80C8D /* Debug */,
				3EC97A462907269800E80C8D /* Release */,
			);
			defaultConfigurationIsVisible = 0;
			defaultConfigurationName = Release;
		};
/* End XCConfigurationList section */

/* Begin XCRemoteSwiftPackageReference section */
		3ECB6E0B290B517D004C67AE /* XCRemoteSwiftPackageReference "SwiftySegmentedPicker" */ = {
			isa = XCRemoteSwiftPackageReference;
			repositoryURL = "https://github.com/workwithnano/SwiftySegmentedPicker";
			requirement = {
				branch = main;
				kind = branch;
			};
		};
/* End XCRemoteSwiftPackageReference section */

/* Begin XCSwiftPackageProductDependency section */
		3ECB6E0C290B517D004C67AE /* SegmentedPicker */ = {
			isa = XCSwiftPackageProductDependency;
			package = 3ECB6E0B290B517D004C67AE /* XCRemoteSwiftPackageReference "SwiftySegmentedPicker" */;
			productName = SegmentedPicker;
		};
/* End XCSwiftPackageProductDependency section */
	};
	rootObject = 3EC97A122907269600E80C8D /* Project object */;
}
